{
  "name": "app.netlify.brain_beats.twa",
  "version": "1.0.1",
  "lockfileVersion": 2,
  "requires": true,
  "packages": {
    "": {
      "name": "app.netlify.brain_beats.twa",
      "version": "1.0.1",
      "license": "GPL-3",
      "devDependencies": {
        "cordova-plugin-splashscreen": "^6.0.1"
      }
    },
    "node_modules/cordova-plugin-splashscreen": {
      "version": "6.0.1",
      "resolved": "https://registry.npmjs.org/cordova-plugin-splashscreen/-/cordova-plugin-splashscreen-6.0.1.tgz",
      "integrity": "sha512-olJPBFRUuzunzeuB76TOBoq3yYlnhpWDk/S7ErR6MdqPz1KuK36omB9u4o//SdgfBbxHz+SsUtyvst68NrU3pA==",
      "dev": true,
      "engines": {
        "cordovaDependencies": {
          ">=4.0.0": {
            "cordova-android": ">=3.6.0",
            "cordova-windows": ">=4.4.0"
          },
          "2.0.0": {
            "cordova-android": ">=3.6.0"
          },
          "7.0.0": {
            "cordova": ">100"
          }
        }
      }
    }
  },
  "dependencies": {
    "cordova-plugin-splashscreen": {
      "version": "6.0.1",
      "resolved": "https://registry.npmjs.org/cordova-plugin-splashscreen/-/cordova-plugin-splashscreen-6.0.1.tgz",
      "integrity": "sha512-olJPBFRUuzunzeuB76TOBoq3yYlnhpWDk/S7ErR6MdqPz1KuK36omB9u4o//SdgfBbxHz+SsUtyvst68NrU3pA==",
      "dev": true
    }
  }
}
